// !$*UTF8*$!
{
	archiveVersion = 1;
	classes = {
	};
	objectVersion = 55;
	objects = {

/* Begin PBXBuildFile section */
		22D99601280E939B00E02351 /* AppDelegate.swift in Sources */ = {isa = PBXBuildFile; fileRef = 22D99600280E939B00E02351 /* AppDelegate.swift */; };
		22D99603280E939B00E02351 /* SceneDelegate.swift in Sources */ = {isa = PBXBuildFile; fileRef = 22D99602280E939B00E02351 /* SceneDelegate.swift */; };
		22D99605280E939B00E02351 /* TableModeViewController.swift in Sources */ = {isa = PBXBuildFile; fileRef = 22D99604280E939B00E02351 /* TableModeViewController.swift */; };
		22D99608280E939B00E02351 /* Main.storyboard in Resources */ = {isa = PBXBuildFile; fileRef = 22D99606280E939B00E02351 /* Main.storyboard */; };
		22D9960A280E939D00E02351 /* Assets.xcassets in Resources */ = {isa = PBXBuildFile; fileRef = 22D99609280E939D00E02351 /* Assets.xcassets */; };
		22D9960D280E939D00E02351 /* LaunchScreen.storyboard in Resources */ = {isa = PBXBuildFile; fileRef = 22D9960B280E939D00E02351 /* LaunchScreen.storyboard */; };
		22D99615280EF6A500E02351 /* CollectionModeViewController.swift in Sources */ = {isa = PBXBuildFile; fileRef = 22D99614280EF6A500E02351 /* CollectionModeViewController.swift */; };
		22D99618280EF6FA00E02351 /* MovieInformationViewController.swift in Sources */ = {isa = PBXBuildFile; fileRef = 22D99617280EF6FA00E02351 /* MovieInformationViewController.swift */; };
		22D9961A280EF72B00E02351 /* WriteCommentViewController.swift in Sources */ = {isa = PBXBuildFile; fileRef = 22D99619280EF72B00E02351 /* WriteCommentViewController.swift */; };
/* End PBXBuildFile section */

/* Begin PBXFileReference section */
		22D995FD280E939B00E02351 /* BoxOffice.app */ = {isa = PBXFileReference; explicitFileType = wrapper.application; includeInIndex = 0; path = BoxOffice.app; sourceTree = BUILT_PRODUCTS_DIR; };
		22D99600280E939B00E02351 /* AppDelegate.swift */ = {isa = PBXFileReference; lastKnownFileType = sourcecode.swift; path = AppDelegate.swift; sourceTree = "<group>"; };
		22D99602280E939B00E02351 /* SceneDelegate.swift */ = {isa = PBXFileReference; lastKnownFileType = sourcecode.swift; path = SceneDelegate.swift; sourceTree = "<group>"; };
		22D99604280E939B00E02351 /* TableModeViewController.swift */ = {isa = PBXFileReference; lastKnownFileType = sourcecode.swift; path = TableModeViewController.swift; sourceTree = "<group>"; };
		22D99607280E939B00E02351 /* Base */ = {isa = PBXFileReference; lastKnownFileType = file.storyboard; name = Base; path = Base.lproj/Main.storyboard; sourceTree = "<group>"; };
		22D99609280E939D00E02351 /* Assets.xcassets */ = {isa = PBXFileReference; lastKnownFileType = folder.assetcatalog; path = Assets.xcassets; sourceTree = "<group>"; };
		22D9960C280E939D00E02351 /* Base */ = {isa = PBXFileReference; lastKnownFileType = file.storyboard; name = Base; path = Base.lproj/LaunchScreen.storyboard; sourceTree = "<group>"; };
		22D9960E280E939D00E02351 /* Info.plist */ = {isa = PBXFileReference; lastKnownFileType = text.plist.xml; path = Info.plist; sourceTree = "<group>"; };
		22D99614280EF6A500E02351 /* CollectionModeViewController.swift */ = {isa = PBXFileReference; lastKnownFileType = sourcecode.swift; path = CollectionModeViewController.swift; sourceTree = "<group>"; };
		22D99617280EF6FA00E02351 /* MovieInformationViewController.swift */ = {isa = PBXFileReference; lastKnownFileType = sourcecode.swift; path = MovieInformationViewController.swift; sourceTree = "<group>"; };
		22D99619280EF72B00E02351 /* WriteCommentViewController.swift */ = {isa = PBXFileReference; lastKnownFileType = sourcecode.swift; path = WriteCommentViewController.swift; sourceTree = "<group>"; };
/* End PBXFileReference section */

/* Begin PBXFrameworksBuildPhase section */
		22D995FA280E939B00E02351 /* Frameworks */ = {
			isa = PBXFrameworksBuildPhase;
			buildActionMask = 2147483647;
			files = (
			);
			runOnlyForDeploymentPostprocessing = 0;
		};
/* End PBXFrameworksBuildPhase section */

/* Begin PBXGroup section */
		22D995F4280E939B00E02351 = {
			isa = PBXGroup;
			children = (
				22D995FF280E939B00E02351 /* BoxOffice */,
				22D995FE280E939B00E02351 /* Products */,
			);
			sourceTree = "<group>";
		};
		22D995FE280E939B00E02351 /* Products */ = {
			isa = PBXGroup;
			children = (
				22D995FD280E939B00E02351 /* BoxOffice.app */,
			);
			name = Products;
			sourceTree = "<group>";
		};
		22D995FF280E939B00E02351 /* BoxOffice */ = {
			isa = PBXGroup;
			children = (
				22D99616280EF6AC00E02351 /* App */,
				22D99604280E939B00E02351 /* TableModeViewController.swift */,
				22D99617280EF6FA00E02351 /* MovieInformationViewController.swift */,
				22D99614280EF6A500E02351 /* CollectionModeViewController.swift */,
				22D99619280EF72B00E02351 /* WriteCommentViewController.swift */,
				22D99606280E939B00E02351 /* Main.storyboard */,
				22D99609280E939D00E02351 /* Assets.xcassets */,
				22D9960B280E939D00E02351 /* LaunchScreen.storyboard */,
				22D9960E280E939D00E02351 /* Info.plist */,
			);
			path = BoxOffice;
			sourceTree = "<group>";
		};
		22D99616280EF6AC00E02351 /* App */ = {
			isa = PBXGroup;
			children = (
				22D99600280E939B00E02351 /* AppDelegate.swift */,
				22D99602280E939B00E02351 /* SceneDelegate.swift */,
			);
			path = App;
			sourceTree = "<group>";
		};
/* End PBXGroup section */

/* Begin PBXNativeTarget section */
		22D995FC280E939B00E02351 /* BoxOffice */ = {
			isa = PBXNativeTarget;
			buildConfigurationList = 22D99611280E939D00E02351 /* Build configuration list for PBXNativeTarget "BoxOffice" */;
			buildPhases = (
				22D995F9280E939B00E02351 /* Sources */,
				22D995FA280E939B00E02351 /* Frameworks */,
				22D995FB280E939B00E02351 /* Resources */,
			);
			buildRules = (
			);
			dependencies = (
			);
			name = BoxOffice;
			productName = BoxOffice;
			productReference = 22D995FD280E939B00E02351 /* BoxOffice.app */;
			productType = "com.apple.product-type.application";
		};
/* End PBXNativeTarget section */

/* Begin PBXProject section */
		22D995F5280E939B00E02351 /* Project object */ = {
			isa = PBXProject;
			attributes = {
				BuildIndependentTargetsInParallel = 1;
				LastSwiftUpdateCheck = 1330;
				LastUpgradeCheck = 1330;
				TargetAttributes = {
					22D995FC280E939B00E02351 = {
						CreatedOnToolsVersion = 13.3.1;
					};
				};
			};
			buildConfigurationList = 22D995F8280E939B00E02351 /* Build configuration list for PBXProject "BoxOffice" */;
			compatibilityVersion = "Xcode 13.0";
			developmentRegion = en;
			hasScannedForEncodings = 0;
			knownRegions = (
				en,
				Base,
			);
			mainGroup = 22D995F4280E939B00E02351;
			productRefGroup = 22D995FE280E939B00E02351 /* Products */;
			projectDirPath = "";
			projectRoot = "";
			targets = (
				22D995FC280E939B00E02351 /* BoxOffice */,
			);
		};
/* End PBXProject section */

/* Begin PBXResourcesBuildPhase section */
		22D995FB280E939B00E02351 /* Resources */ = {
			isa = PBXResourcesBuildPhase;
			buildActionMask = 2147483647;
			files = (
				22D9960D280E939D00E02351 /* LaunchScreen.storyboard in Resources */,
				22D9960A280E939D00E02351 /* Assets.xcassets in Resources */,
				22D99608280E939B00E02351 /* Main.storyboard in Resources */,
			);
			runOnlyForDeploymentPostprocessing = 0;
		};
/* End PBXResourcesBuildPhase section */

/* Begin PBXSourcesBuildPhase section */
		22D995F9280E939B00E02351 /* Sources */ = {
			isa = PBXSourcesBuildPhase;
			buildActionMask = 2147483647;
			files = (
				22D99605280E939B00E02351 /* TableModeViewController.swift in Sources */,
				22D99615280EF6A500E02351 /* CollectionModeViewController.swift in Sources */,
				22D99618280EF6FA00E02351 /* MovieInformationViewController.swift in Sources */,
				22D99601280E939B00E02351 /* AppDelegate.swift in Sources */,
				22D9961A280EF72B00E02351 /* WriteCommentViewController.swift in Sources */,
				22D99603280E939B00E02351 /* SceneDelegate.swift in Sources */,
			);
			runOnlyForDeploymentPostprocessing = 0;
		};
/* End PBXSourcesBuildPhase section */

/* Begin PBXVariantGroup section */
		22D99606280E939B00E02351 /* Main.storyboard */ = {
			isa = PBXVariantGroup;
			children = (
				22D99607280E939B00E02351 /* Base */,
			);
			name = Main.storyboard;
			sourceTree = "<group>";
		};
		22D9960B280E939D00E02351 /* LaunchScreen.storyboard */ = {
			isa = PBXVariantGroup;
			children = (
				22D9960C280E939D00E02351 /* Base */,
			);
			name = LaunchScreen.storyboard;
			sourceTree = "<group>";
		};
/* End PBXVariantGroup section */

/* Begin XCBuildConfiguration section */
		22D9960F280E939D00E02351 /* Debug */ = {
			isa = XCBuildConfiguration;
			buildSettings = {
				ALWAYS_SEARCH_USER_PATHS = NO;
				CLANG_ANALYZER_NONNULL = YES;
				CLANG_ANALYZER_NUMBER_OBJECT_CONVERSION = YES_AGGRESSIVE;
				CLANG_CXX_LANGUAGE_STANDARD = "gnu++17";
				CLANG_ENABLE_MODULES = YES;
				CLANG_ENABLE_OBJC_ARC = YES;
				CLANG_ENABLE_OBJC_WEAK = YES;
				CLANG_WARN_BLOCK_CAPTURE_AUTORELEASING = YES;
				CLANG_WARN_BOOL_CONVERSION = YES;
				CLANG_WARN_COMMA = YES;
				CLANG_WARN_CONSTANT_CONVERSION = YES;
				CLANG_WARN_DEPRECATED_OBJC_IMPLEMENTATIONS = YES;
				CLANG_WARN_DIRECT_OBJC_ISA_USAGE = YES_ERROR;
				CLANG_WARN_DOCUMENTATION_COMMENTS = YES;
				CLANG_WARN_EMPTY_BODY = YES;
				CLANG_WARN_ENUM_CONVERSION = YES;
				CLANG_WARN_INFINITE_RECURSION = YES;
				CLANG_WARN_INT_CONVERSION = YES;
				CLANG_WARN_NON_LITERAL_NULL_CONVERSION = YES;
				CLANG_WARN_OBJC_IMPLICIT_RETAIN_SELF = YES;
				CLANG_WARN_OBJC_LITERAL_CONVERSION = YES;
				CLANG_WARN_OBJC_ROOT_CLASS = YES_ERROR;
				CLANG_WARN_QUOTED_INCLUDE_IN_FRAMEWORK_HEADER = YES;
				CLANG_WARN_RANGE_LOOP_ANALYSIS = YES;
				CLANG_WARN_STRICT_PROTOTYPES = YES;
				CLANG_WARN_SUSPICIOUS_MOVE = YES;
				CLANG_WARN_UNGUARDED_AVAILABILITY = YES_AGGRESSIVE;
				CLANG_WARN_UNREACHABLE_CODE = YES;
				CLANG_WARN__DUPLICATE_METHOD_MATCH = YES;
				COPY_PHASE_STRIP = NO;
				DEBUG_INFORMATION_FORMAT = dwarf;
				ENABLE_STRICT_OBJC_MSGSEND = YES;
				ENABLE_TESTABILITY = YES;
				GCC_C_LANGUAGE_STANDARD = gnu11;
				GCC_DYNAMIC_NO_PIC = NO;
				GCC_NO_COMMON_BLOCKS = YES;
				GCC_OPTIMIZATION_LEVEL = 0;
				GCC_PREPROCESSOR_DEFINITIONS = (
					"DEBUG=1",
					"$(inherited)",
				);
				GCC_WARN_64_TO_32_BIT_CONVERSION = YES;
				GCC_WARN_ABOUT_RETURN_TYPE = YES_ERROR;
				GCC_WARN_UNDECLARED_SELECTOR = YES;
				GCC_WARN_UNINITIALIZED_AUTOS = YES_AGGRESSIVE;
				GCC_WARN_UNUSED_FUNCTION = YES;
				GCC_WARN_UNUSED_VARIABLE = YES;
				IPHONEOS_DEPLOYMENT_TARGET = 15.4;
				MTL_ENABLE_DEBUG_INFO = INCLUDE_SOURCE;
				MTL_FAST_MATH = YES;
				ONLY_ACTIVE_ARCH = YES;
				SDKROOT = iphoneos;
				SWIFT_ACTIVE_COMPILATION_CONDITIONS = DEBUG;
				SWIFT_OPTIMIZATION_LEVEL = "-Onone";
			};
			name = Debug;
		};
		22D99610280E939D00E02351 /* Release */ = {
			isa = XCBuildConfiguration;
			buildSettings = {
				ALWAYS_SEARCH_USER_PATHS = NO;
				CLANG_ANALYZER_NONNULL = YES;
				CLANG_ANALYZER_NUMBER_OBJECT_CONVERSION = YES_AGGRESSIVE;
				CLANG_CXX_LANGUAGE_STANDARD = "gnu++17";
				CLANG_ENABLE_MODULES = YES;
				CLANG_ENABLE_OBJC_ARC = YES;
				CLANG_ENABLE_OBJC_WEAK = YES;
				CLANG_WARN_BLOCK_CAPTURE_AUTORELEASING = YES;
				CLANG_WARN_BOOL_CONVERSION = YES;
				CLANG_WARN_COMMA = YES;
				CLANG_WARN_CONSTANT_CONVERSION = YES;
				CLANG_WARN_DEPRECATED_OBJC_IMPLEMENTATIONS = YES;
				CLANG_WARN_DIRECT_OBJC_ISA_USAGE = YES_ERROR;
				CLANG_WARN_DOCUMENTATION_COMMENTS = YES;
				CLANG_WARN_EMPTY_BODY = YES;
				CLANG_WARN_ENUM_CONVERSION = YES;
				CLANG_WARN_INFINITE_RECURSION = YES;
				CLANG_WARN_INT_CONVERSION = YES;
				CLANG_WARN_NON_LITERAL_NULL_CONVERSION = YES;
				CLANG_WARN_OBJC_IMPLICIT_RETAIN_SELF = YES;
				CLANG_WARN_OBJC_LITERAL_CONVERSION = YES;
				CLANG_WARN_OBJC_ROOT_CLASS = YES_ERROR;
				CLANG_WARN_QUOTED_INCLUDE_IN_FRAMEWORK_HEADER = YES;
				CLANG_WARN_RANGE_LOOP_ANALYSIS = YES;
				CLANG_WARN_STRICT_PROTOTYPES = YES;
				CLANG_WARN_SUSPICIOUS_MOVE = YES;
				CLANG_WARN_UNGUARDED_AVAILABILITY = YES_AGGRESSIVE;
				CLANG_WARN_UNREACHABLE_CODE = YES;
				CLANG_WARN__DUPLICATE_METHOD_MATCH = YES;
				COPY_PHASE_STRIP = NO;
				DEBUG_INFORMATION_FORMAT = "dwarf-with-dsym";
				ENABLE_NS_ASSERTIONS = NO;
				ENABLE_STRICT_OBJC_MSGSEND = YES;
				GCC_C_LANGUAGE_STANDARD = gnu11;
				GCC_NO_COMMON_BLOCKS = YES;
				GCC_WARN_64_TO_32_BIT_CONVERSION = YES;
				GCC_WARN_ABOUT_RETURN_TYPE = YES_ERROR;
				GCC_WARN_UNDECLARED_SELECTOR = YES;
				GCC_WARN_UNINITIALIZED_AUTOS = YES_AGGRESSIVE;
				GCC_WARN_UNUSED_FUNCTION = YES;
				GCC_WARN_UNUSED_VARIABLE = YES;
				IPHONEOS_DEPLOYMENT_TARGET = 15.4;
				MTL_ENABLE_DEBUG_INFO = NO;
				MTL_FAST_MATH = YES;
				SDKROOT = iphoneos;
				SWIFT_COMPILATION_MODE = wholemodule;
				SWIFT_OPTIMIZATION_LEVEL = "-O";
				VALIDATE_PRODUCT = YES;
			};
			name = Release;
		};
		22D99612280E939D00E02351 /* Debug */ = {
			isa = XCBuildConfiguration;
			buildSettings = {
				ASSETCATALOG_COMPILER_APPICON_NAME = AppIcon;
				ASSETCATALOG_COMPILER_GLOBAL_ACCENT_COLOR_NAME = AccentColor;
				CODE_SIGN_STYLE = Automatic;
				CURRENT_PROJECT_VERSION = 1;
				DEVELOPMENT_TEAM = X4KXY85MB9;
				GENERATE_INFOPLIST_FILE = YES;
				INFOPLIST_FILE = BoxOffice/Info.plist;
				INFOPLIST_KEY_UIApplicationSupportsIndirectInputEvents = YES;
				INFOPLIST_KEY_UILaunchStoryboardName = LaunchScreen;
				INFOPLIST_KEY_UIMainStoryboardFile = Main;
				INFOPLIST_KEY_UISupportedInterfaceOrientations_iPad = "UIInterfaceOrientationPortrait UIInterfaceOrientationPortraitUpsideDown UIInterfaceOrientationLandscapeLeft UIInterfaceOrientationLandscapeRight";
				INFOPLIST_KEY_UISupportedInterfaceOrientations_iPhone = "UIInterfaceOrientationPortrait UIInterfaceOrientationLandscapeLeft UIInterfaceOrientationLandscapeRight";
				LD_RUNPATH_SEARCH_PATHS = (
					"$(inherited)",
					"@executable_path/Frameworks",
				);
				MARKETING_VERSION = 1.0;
				PRODUCT_BUNDLE_IDENTIFIER = jegyun.BoxOffice;
				PRODUCT_NAME = "$(TARGET_NAME)";
				SWIFT_EMIT_LOC_STRINGS = YES;
				SWIFT_VERSION = 5.0;
				TARGETED_DEVICE_FAMILY = "1,2";
			};
			name = Debug;
		};
		22D99613280E939D00E02351 /* Release */ = {
			isa = XCBuildConfiguration;
			buildSettings = {
				ASSETCATALOG_COMPILER_APPICON_NAME = AppIcon;
				ASSETCATALOG_COMPILER_GLOBAL_ACCENT_COLOR_NAME = AccentColor;
				CODE_SIGN_STYLE = Automatic;
				CURRENT_PROJECT_VERSION = 1;
				DEVELOPMENT_TEAM = X4KXY85MB9;
				GENERATE_INFOPLIST_FILE = YES;
				INFOPLIST_FILE = BoxOffice/Info.plist;
				INFOPLIST_KEY_UIApplicationSupportsIndirectInputEvents = YES;
				INFOPLIST_KEY_UILaunchStoryboardName = LaunchScreen;
				INFOPLIST_KEY_UIMainStoryboardFile = Main;
				INFOPLIST_KEY_UISupportedInterfaceOrientations_iPad = "UIInterfaceOrientationPortrait UIInterfaceOrientationPortraitUpsideDown UIInterfaceOrientationLandscapeLeft UIInterfaceOrientationLandscapeRight";
				INFOPLIST_KEY_UISupportedInterfaceOrientations_iPhone = "UIInterfaceOrientationPortrait UIInterfaceOrientationLandscapeLeft UIInterfaceOrientationLandscapeRight";
				LD_RUNPATH_SEARCH_PATHS = (
					"$(inherited)",
					"@executable_path/Frameworks",
				);
				MARKETING_VERSION = 1.0;
				PRODUCT_BUNDLE_IDENTIFIER = jegyun.BoxOffice;
				PRODUCT_NAME = "$(TARGET_NAME)";
				SWIFT_EMIT_LOC_STRINGS = YES;
				SWIFT_VERSION = 5.0;
				TARGETED_DEVICE_FAMILY = "1,2";
			};
			name = Release;
		};
/* End XCBuildConfiguration section */

/* Begin XCConfigurationList section */
		22D995F8280E939B00E02351 /* Build configuration list for PBXProject "BoxOffice" */ = {
			isa = XCConfigurationList;
			buildConfigurations = (
				22D9960F280E939D00E02351 /* Debug */,
				22D99610280E939D00E02351 /* Release */,
			);
			defaultConfigurationIsVisible = 0;
			defaultConfigurationName = Release;
		};
		22D99611280E939D00E02351 /* Build configuration list for PBXNativeTarget "BoxOffice" */ = {
			isa = XCConfigurationList;
			buildConfigurations = (
				22D99612280E939D00E02351 /* Debug */,
				22D99613280E939D00E02351 /* Release */,
			);
			defaultConfigurationIsVisible = 0;
			defaultConfigurationName = Release;
		};
/* End XCConfigurationList section */
	};
	rootObject = 22D995F5280E939B00E02351 /* Project object */;
}
